# This file is automatically @generated by Cargo.
# It is not intended for manual editing.
version = 4

[[package]]
name = "rho-agent"
version = "0.1.0"
dependencies = [
 "rho-ai",
 "rho-core",
 "rho-store",
 "rho-tools",
]

[[package]]
name = "rho-ai"
version = "0.1.0"

[[package]]
name = "rho-ai-anthropic"
version = "0.1.0"
dependencies = [
 "rho-ai",
]

[[package]]
name = "rho-ai-openai"
version = "0.1.0"
dependencies = [
 "rho-ai",
]

[[package]]
name = "rho-cli"
version = "0.1.0"
dependencies = [
 "rho-agent",
 "rho-ai-anthropic",
 "rho-ai-openai",
 "rho-rpc",
 "rho-store",
 "rho-tools",
]

[[package]]
name = "rho-codec-jsonl"
version = "0.1.0"
dependencies = [
 "rho-core",
]

[[package]]
name = "rho-core"
version = "0.1.0"
dependencies = [
 "rho-ai",
]

[[package]]
name = "rho-ext"
version = "0.1.0"
dependencies = [
 "rho-core",
]

[[package]]
name = "rho-ext-wasm"
version = "0.1.0"
dependencies = [
 "rho-core",
 "rho-ext",
]

[[package]]
name = "rho-rpc"
version = "0.1.0"
dependencies = [
 "rho-agent",
 "rho-core",
]

[[package]]
name = "rho-shelterwood"
version = "0.1.0"
dependencies = [
 "rho-agent",
 "rho-core",
]

[[package]]
name = "rho-store"
version = "0.1.0"
dependencies = [
 "rho-codec-jsonl",
 "rho-core",
]

[[package]]
name = "rho-tools"
version = "0.1.0"
dependencies = [
 "rho-ai",
 "rho-core",
]
